
Microsoft Visual Studio Solution File, Format Version 12.00
# Visual Studio Version 17
VisualStudioVersion = 17.4.33213.308
MinimumVisualStudioVersion = 10.0.40219.1
Project("{9A19103F-16F7-4668-BE54-9A1E7A4F7556}") = "GodotTscnParser.Engine", "GodotTscnParser.Engine\GodotTscnParser.Engine.csproj", "{E7298945-B793-412B-BA54-E621F2B485BE}"
EndProject
Project("{9A19103F-16F7-4668-BE54-9A1E7A4F7556}") = "GodotTscnParser.Test", "GodotTscnParser.Test\GodotTscnParser.Test.csproj", "{7DAD45B0-CDD4-4AB3-94AE-8C38693BC90E}"
EndProject
Project("{2150E333-8FDC-42A3-9474-1A3956D46DE8}") = "Solution Items", "Solution Items", "{0D2989CB-5EAB-42D5-ACB5-8C51E5FCAB6D}"
	ProjectSection(SolutionItems) = preProject
		..\..\README.md = ..\..\README.md
		RELEASE-NOTES.txt = RELEASE-NOTES.txt
	EndProjectSection
EndProject
Global
	GlobalSection(SolutionConfigurationPlatforms) = preSolution
		Debug|Any CPU = Debug|Any CPU
		Release|Any CPU = Release|Any CPU
	EndGlobalSection
	GlobalSection(ProjectConfigurationPlatforms) = postSolution
		{E7298945-B793-412B-BA54-E621F2B485BE}.Debug|Any CPU.ActiveCfg = Debug|Any CPU
		{E7298945-B793-412B-BA54-E621F2B485BE}.Debug|Any CPU.Build.0 = Debug|Any CPU
		{E7298945-B793-412B-BA54-E621F2B485BE}.Release|Any CPU.ActiveCfg = Release|Any CPU
		{E7298945-B793-412B-BA54-E621F2B485BE}.Release|Any CPU.Build.0 = Release|Any CPU
		{7DAD45B0-CDD4-4AB3-94AE-8C38693BC90E}.Debug|Any CPU.ActiveCfg = Debug|Any CPU
		{7DAD45B0-CDD4-4AB3-94AE-8C38693BC90E}.Debug|Any CPU.Build.0 = Debug|Any CPU
		{7DAD45B0-CDD4-4AB3-94AE-8C38693BC90E}.Release|Any CPU.ActiveCfg = Release|Any CPU
		{7DAD45B0-CDD4-4AB3-94AE-8C38693BC90E}.Release|Any CPU.Build.0 = Release|Any CPU
	EndGlobalSection
	GlobalSection(SolutionProperties) = preSolution
		HideSolutionNode = FALSE
	EndGlobalSection
	GlobalSection(ExtensibilityGlobals) = postSolution
		SolutionGuid = {B30A4744-3D9B-4384-8A00-8C59835F64B2}
	EndGlobalSection
EndGlobal
